// !$*UTF8*$!
{
	archiveVersion = 1;
	classes = {
	};
	objectVersion = 46;
	objects = {

/* Begin PBXBuildFile section */
		481022A71A06075900000AA5 /* MapKit.framework in Frameworks */ = {isa = PBXBuildFile; fileRef = 482CE19E19FD9F9A00682940 /* MapKit.framework */; };
		482CABDB19FF565300B5F1E2 /* NotificationCenter.framework in Frameworks */ = {isa = PBXBuildFile; fileRef = 482CABDA19FF565200B5F1E2 /* NotificationCenter.framework */; };
		482CABE019FF565300B5F1E2 /* TodayViewController.swift in Sources */ = {isa = PBXBuildFile; fileRef = 482CABDF19FF565300B5F1E2 /* TodayViewController.swift */; };
		482CABE519FF565300B5F1E2 /* Quick Location.appex in Embed App Extensions */ = {isa = PBXBuildFile; fileRef = 482CABD819FF565200B5F1E2 /* Quick Location.appex */; settings = {ATTRIBUTES = (RemoveHeadersOnCopy, ); }; };
		482CE19F19FD9F9A00682940 /* MapKit.framework in Frameworks */ = {isa = PBXBuildFile; fileRef = 482CE19E19FD9F9A00682940 /* MapKit.framework */; };
		483AF54D1B0BFF2700A00BED /* PersistenceController.swift in Sources */ = {isa = PBXBuildFile; fileRef = 483AF54C1B0BFF2700A00BED /* PersistenceController.swift */; };
		48510BEB1BF7F3D10041C7C1 /* String+Additions.swift in Sources */ = {isa = PBXBuildFile; fileRef = 48510BEA1BF7F3D10041C7C1 /* String+Additions.swift */; };
		485E165519F9AC37002CCB48 /* DataModel.xcdatamodeld in Sources */ = {isa = PBXBuildFile; fileRef = 485E165319F9AC37002CCB48 /* DataModel.xcdatamodeld */; };
		4863ACAE1B24EF4D009F008F /* LocationCell.swift in Sources */ = {isa = PBXBuildFile; fileRef = 4863ACAC1B24EF4D009F008F /* LocationCell.swift */; };
		4863ACAF1B24EF4D009F008F /* LocationCell.xib in Resources */ = {isa = PBXBuildFile; fileRef = 4863ACAD1B24EF4D009F008F /* LocationCell.xib */; };
		48642D0F1BAE166F00935358 /* LocationsViewController.swift in Sources */ = {isa = PBXBuildFile; fileRef = 48642D0E1BAE166F00935358 /* LocationsViewController.swift */; };
		48642D111BAE1E0400935358 /* LocationAssistant.swift in Sources */ = {isa = PBXBuildFile; fileRef = 48642D101BAE1E0400935358 /* LocationAssistant.swift */; };
		48642D141BAE27D300935358 /* LocationAccessViewController.swift in Sources */ = {isa = PBXBuildFile; fileRef = 48642D121BAE27D300935358 /* LocationAccessViewController.swift */; };
		48642D151BAE27D300935358 /* LocationAccessViewController.xib in Resources */ = {isa = PBXBuildFile; fileRef = 48642D131BAE27D300935358 /* LocationAccessViewController.xib */; };
		487A553F1BB4C61A00D0D320 /* NewLocationViewController.swift in Sources */ = {isa = PBXBuildFile; fileRef = 487A553D1BB4C61A00D0D320 /* NewLocationViewController.swift */; };
		487A55401BB4C61A00D0D320 /* NewLocationViewController.xib in Resources */ = {isa = PBXBuildFile; fileRef = 487A553E1BB4C61A00D0D320 /* NewLocationViewController.xib */; };
		4882D9D51B1A99FD00BAADAD /* RHACLStringExtensions.swift in Sources */ = {isa = PBXBuildFile; fileRef = 4882D9D41B1A99FD00BAADAD /* RHACLStringExtensions.swift */; };
		48C7636419F59D230096B27A /* RHAUtilExtensions.swift in Sources */ = {isa = PBXBuildFile; fileRef = 48C7636319F59D230096B27A /* RHAUtilExtensions.swift */; };
		48D225881A02F908008A419B /* MainInterface.storyboard in Resources */ = {isa = PBXBuildFile; fileRef = 48D2258A1A02F908008A419B /* MainInterface.storyboard */; };
		48D4FFE41BF7CB7A006DA09C /* ColorSelectionViewController.swift in Sources */ = {isa = PBXBuildFile; fileRef = 48D4FFE31BF7CB7A006DA09C /* ColorSelectionViewController.swift */; };
		48D4FFE61BF7D08F006DA09C /* DefaultLayout.swift in Sources */ = {isa = PBXBuildFile; fileRef = 48D4FFE51BF7D08F006DA09C /* DefaultLayout.swift */; };
		48D4FFEA1BF7D2ED006DA09C /* LocationDetailViewController.swift in Sources */ = {isa = PBXBuildFile; fileRef = 48D4FFE81BF7D2ED006DA09C /* LocationDetailViewController.swift */; };
		48D4FFEB1BF7D2ED006DA09C /* LocationDetailViewController.xib in Resources */ = {isa = PBXBuildFile; fileRef = 48D4FFE91BF7D2ED006DA09C /* LocationDetailViewController.xib */; };
		48DEDA3719F592F80094CB8F /* AppDelegate.swift in Sources */ = {isa = PBXBuildFile; fileRef = 48DEDA3619F592F80094CB8F /* AppDelegate.swift */; };
		48DEDA3E19F592F80094CB8F /* Images.xcassets in Resources */ = {isa = PBXBuildFile; fileRef = 48DEDA3D19F592F80094CB8F /* Images.xcassets */; };
		48DEDA4119F592F80094CB8F /* LaunchScreen.xib in Resources */ = {isa = PBXBuildFile; fileRef = 48DEDA3F19F592F80094CB8F /* LaunchScreen.xib */; };
		48E3B8561B193FA3003DD726 /* MenuController.swift in Sources */ = {isa = PBXBuildFile; fileRef = 48E3B8551B193FA3003DD726 /* MenuController.swift */; };
		48E3B85C1B1951AA003DD726 /* StyledViewController.swift in Sources */ = {isa = PBXBuildFile; fileRef = 48E3B85B1B1951AA003DD726 /* StyledViewController.swift */; };
		48E3B85E1B195804003DD726 /* StyledNavigationController.swift in Sources */ = {isa = PBXBuildFile; fileRef = 48E3B85D1B195804003DD726 /* StyledNavigationController.swift */; };
		48E3B8601B195896003DD726 /* ColorController.swift in Sources */ = {isa = PBXBuildFile; fileRef = 48E3B85F1B195896003DD726 /* ColorController.swift */; };
		698AF3891BF69BD800F1E745 /* StyledCell.swift in Sources */ = {isa = PBXBuildFile; fileRef = 698AF3881BF69BD800F1E745 /* StyledCell.swift */; };
		698AF38C1BF6D66D00F1E745 /* TextEntryCell.swift in Sources */ = {isa = PBXBuildFile; fileRef = 698AF38A1BF6D66D00F1E745 /* TextEntryCell.swift */; };
		698AF38D1BF6D66D00F1E745 /* TextEntryCell.xib in Resources */ = {isa = PBXBuildFile; fileRef = 698AF38B1BF6D66D00F1E745 /* TextEntryCell.xib */; };
		698AF3941BF7910100F1E745 /* ColorPreviewCell.swift in Sources */ = {isa = PBXBuildFile; fileRef = 698AF3921BF7910100F1E745 /* ColorPreviewCell.swift */; };
		698AF3951BF7910100F1E745 /* ColorPreviewCell.xib in Resources */ = {isa = PBXBuildFile; fileRef = 698AF3931BF7910100F1E745 /* ColorPreviewCell.xib */; };
		698AF3981BF79A3F00F1E745 /* Location+CoreDataProperties.swift in Sources */ = {isa = PBXBuildFile; fileRef = 698AF3961BF79A3F00F1E745 /* Location+CoreDataProperties.swift */; };
		698AF3991BF79A3F00F1E745 /* Location.swift in Sources */ = {isa = PBXBuildFile; fileRef = 698AF3971BF79A3F00F1E745 /* Location.swift */; };
		698AF39B1BF79A4D00F1E745 /* Fetchable.swift in Sources */ = {isa = PBXBuildFile; fileRef = 698AF39A1BF79A4D00F1E745 /* Fetchable.swift */; };
/* End PBXBuildFile section */

/* Begin PBXContainerItemProxy section */
		482CABE319FF565300B5F1E2 /* PBXContainerItemProxy */ = {
			isa = PBXContainerItemProxy;
			containerPortal = 48DEDA2919F592F80094CB8F /* Project object */;
			proxyType = 1;
			remoteGlobalIDString = 482CABD719FF565200B5F1E2;
			remoteInfo = "Quick Location";
		};
/* End PBXContainerItemProxy section */

/* Begin PBXCopyFilesBuildPhase section */
		482CABE919FF565300B5F1E2 /* Embed App Extensions */ = {
			isa = PBXCopyFilesBuildPhase;
			buildActionMask = 2147483647;
			dstPath = "";
			dstSubfolderSpec = 13;
			files = (
				482CABE519FF565300B5F1E2 /* Quick Location.appex in Embed App Extensions */,
			);
			name = "Embed App Extensions";
			runOnlyForDeploymentPostprocessing = 0;
		};
/* End PBXCopyFilesBuildPhase section */

/* Begin PBXFileReference section */
		482CABD819FF565200B5F1E2 /* Quick Location.appex */ = {isa = PBXFileReference; explicitFileType = "wrapper.app-extension"; includeInIndex = 0; path = "Quick Location.appex"; sourceTree = BUILT_PRODUCTS_DIR; };
		482CABDA19FF565200B5F1E2 /* NotificationCenter.framework */ = {isa = PBXFileReference; lastKnownFileType = wrapper.framework; name = NotificationCenter.framework; path = System/Library/Frameworks/NotificationCenter.framework; sourceTree = SDKROOT; };
		482CABDE19FF565300B5F1E2 /* Info.plist */ = {isa = PBXFileReference; lastKnownFileType = text.plist.xml; path = Info.plist; sourceTree = "<group>"; };
		482CABDF19FF565300B5F1E2 /* TodayViewController.swift */ = {isa = PBXFileReference; lastKnownFileType = sourcecode.swift; path = TodayViewController.swift; sourceTree = "<group>"; };
		482CE19E19FD9F9A00682940 /* MapKit.framework */ = {isa = PBXFileReference; lastKnownFileType = wrapper.framework; name = MapKit.framework; path = System/Library/Frameworks/MapKit.framework; sourceTree = SDKROOT; };
		483AF54C1B0BFF2700A00BED /* PersistenceController.swift */ = {isa = PBXFileReference; fileEncoding = 4; lastKnownFileType = sourcecode.swift; path = PersistenceController.swift; sourceTree = "<group>"; };
		48510BEA1BF7F3D10041C7C1 /* String+Additions.swift */ = {isa = PBXFileReference; fileEncoding = 4; lastKnownFileType = sourcecode.swift; path = "String+Additions.swift"; sourceTree = "<group>"; };
		485E165419F9AC37002CCB48 /* DataModel.xcdatamodel */ = {isa = PBXFileReference; lastKnownFileType = wrapper.xcdatamodel; path = DataModel.xcdatamodel; sourceTree = "<group>"; };
		4863ACAC1B24EF4D009F008F /* LocationCell.swift */ = {isa = PBXFileReference; fileEncoding = 4; lastKnownFileType = sourcecode.swift; path = LocationCell.swift; sourceTree = "<group>"; };
		4863ACAD1B24EF4D009F008F /* LocationCell.xib */ = {isa = PBXFileReference; fileEncoding = 4; lastKnownFileType = file.xib; path = LocationCell.xib; sourceTree = "<group>"; };
		48642D0E1BAE166F00935358 /* LocationsViewController.swift */ = {isa = PBXFileReference; fileEncoding = 4; lastKnownFileType = sourcecode.swift; path = LocationsViewController.swift; sourceTree = "<group>"; };
		48642D101BAE1E0400935358 /* LocationAssistant.swift */ = {isa = PBXFileReference; fileEncoding = 4; lastKnownFileType = sourcecode.swift; path = LocationAssistant.swift; sourceTree = "<group>"; };
		48642D121BAE27D300935358 /* LocationAccessViewController.swift */ = {isa = PBXFileReference; fileEncoding = 4; lastKnownFileType = sourcecode.swift; path = LocationAccessViewController.swift; sourceTree = "<group>"; };
		48642D131BAE27D300935358 /* LocationAccessViewController.xib */ = {isa = PBXFileReference; fileEncoding = 4; lastKnownFileType = file.xib; path = LocationAccessViewController.xib; sourceTree = "<group>"; };
		48673A051BB059AA00BC0CD7 /* DataModel2.xcdatamodel */ = {isa = PBXFileReference; lastKnownFileType = wrapper.xcdatamodel; path = DataModel2.xcdatamodel; sourceTree = "<group>"; };
		487A553D1BB4C61A00D0D320 /* NewLocationViewController.swift */ = {isa = PBXFileReference; fileEncoding = 4; lastKnownFileType = sourcecode.swift; path = NewLocationViewController.swift; sourceTree = "<group>"; };
		487A553E1BB4C61A00D0D320 /* NewLocationViewController.xib */ = {isa = PBXFileReference; fileEncoding = 4; lastKnownFileType = file.xib; path = NewLocationViewController.xib; sourceTree = "<group>"; };
		4880D47F1A5331960077E68B /* Whereabouts.entitlements */ = {isa = PBXFileReference; lastKnownFileType = text.xml; name = Whereabouts.entitlements; path = Whereabouts/Whereabouts.entitlements; sourceTree = SOURCE_ROOT; };
		4880D4801A5331DA0077E68B /* Quick Location.entitlements */ = {isa = PBXFileReference; lastKnownFileType = text.xml; name = "Quick Location.entitlements"; path = "Quick Location/Quick Location.entitlements"; sourceTree = SOURCE_ROOT; };
		4882D9D41B1A99FD00BAADAD /* RHACLStringExtensions.swift */ = {isa = PBXFileReference; fileEncoding = 4; lastKnownFileType = sourcecode.swift; path = RHACLStringExtensions.swift; sourceTree = "<group>"; };
		48C7636319F59D230096B27A /* RHAUtilExtensions.swift */ = {isa = PBXFileReference; fileEncoding = 4; lastKnownFileType = sourcecode.swift; path = RHAUtilExtensions.swift; sourceTree = "<group>"; };
		48D225891A02F908008A419B /* en */ = {isa = PBXFileReference; lastKnownFileType = file.storyboard; name = en; path = en.lproj/MainInterface.storyboard; sourceTree = "<group>"; };
		48D4FFE31BF7CB7A006DA09C /* ColorSelectionViewController.swift */ = {isa = PBXFileReference; fileEncoding = 4; lastKnownFileType = sourcecode.swift; path = ColorSelectionViewController.swift; sourceTree = "<group>"; };
		48D4FFE51BF7D08F006DA09C /* DefaultLayout.swift */ = {isa = PBXFileReference; fileEncoding = 4; lastKnownFileType = sourcecode.swift; path = DefaultLayout.swift; sourceTree = "<group>"; };
		48D4FFE81BF7D2ED006DA09C /* LocationDetailViewController.swift */ = {isa = PBXFileReference; fileEncoding = 4; lastKnownFileType = sourcecode.swift; path = LocationDetailViewController.swift; sourceTree = "<group>"; };
		48D4FFE91BF7D2ED006DA09C /* LocationDetailViewController.xib */ = {isa = PBXFileReference; fileEncoding = 4; lastKnownFileType = file.xib; path = LocationDetailViewController.xib; sourceTree = "<group>"; };
		48DEDA3119F592F80094CB8F /* Whereabouts.app */ = {isa = PBXFileReference; explicitFileType = wrapper.application; includeInIndex = 0; path = Whereabouts.app; sourceTree = BUILT_PRODUCTS_DIR; };
		48DEDA3519F592F80094CB8F /* Info.plist */ = {isa = PBXFileReference; lastKnownFileType = text.plist.xml; path = Info.plist; sourceTree = "<group>"; };
		48DEDA3619F592F80094CB8F /* AppDelegate.swift */ = {isa = PBXFileReference; lastKnownFileType = sourcecode.swift; path = AppDelegate.swift; sourceTree = "<group>"; };
		48DEDA3D19F592F80094CB8F /* Images.xcassets */ = {isa = PBXFileReference; lastKnownFileType = folder.assetcatalog; path = Images.xcassets; sourceTree = "<group>"; };
		48DEDA4019F592F80094CB8F /* Base */ = {isa = PBXFileReference; lastKnownFileType = file.xib; name = Base; path = Base.lproj/LaunchScreen.xib; sourceTree = "<group>"; };
		48E3B8551B193FA3003DD726 /* MenuController.swift */ = {isa = PBXFileReference; fileEncoding = 4; lastKnownFileType = sourcecode.swift; path = MenuController.swift; sourceTree = "<group>"; };
		48E3B85B1B1951AA003DD726 /* StyledViewController.swift */ = {isa = PBXFileReference; fileEncoding = 4; lastKnownFileType = sourcecode.swift; path = StyledViewController.swift; sourceTree = "<group>"; };
		48E3B85D1B195804003DD726 /* StyledNavigationController.swift */ = {isa = PBXFileReference; fileEncoding = 4; lastKnownFileType = sourcecode.swift; path = StyledNavigationController.swift; sourceTree = "<group>"; };
		48E3B85F1B195896003DD726 /* ColorController.swift */ = {isa = PBXFileReference; fileEncoding = 4; lastKnownFileType = sourcecode.swift; path = ColorController.swift; sourceTree = "<group>"; };
		698AF3881BF69BD800F1E745 /* StyledCell.swift */ = {isa = PBXFileReference; fileEncoding = 4; lastKnownFileType = sourcecode.swift; path = StyledCell.swift; sourceTree = "<group>"; };
		698AF38A1BF6D66D00F1E745 /* TextEntryCell.swift */ = {isa = PBXFileReference; fileEncoding = 4; lastKnownFileType = sourcecode.swift; path = TextEntryCell.swift; sourceTree = "<group>"; };
		698AF38B1BF6D66D00F1E745 /* TextEntryCell.xib */ = {isa = PBXFileReference; fileEncoding = 4; lastKnownFileType = file.xib; path = TextEntryCell.xib; sourceTree = "<group>"; };
		698AF3921BF7910100F1E745 /* ColorPreviewCell.swift */ = {isa = PBXFileReference; fileEncoding = 4; lastKnownFileType = sourcecode.swift; path = ColorPreviewCell.swift; sourceTree = "<group>"; };
		698AF3931BF7910100F1E745 /* ColorPreviewCell.xib */ = {isa = PBXFileReference; fileEncoding = 4; lastKnownFileType = file.xib; path = ColorPreviewCell.xib; sourceTree = "<group>"; };
		698AF3961BF79A3F00F1E745 /* Location+CoreDataProperties.swift */ = {isa = PBXFileReference; fileEncoding = 4; lastKnownFileType = sourcecode.swift; name = "Location+CoreDataProperties.swift"; path = "../Location+CoreDataProperties.swift"; sourceTree = "<group>"; };
		698AF3971BF79A3F00F1E745 /* Location.swift */ = {isa = PBXFileReference; fileEncoding = 4; lastKnownFileType = sourcecode.swift; name = Location.swift; path = ../Location.swift; sourceTree = "<group>"; };
		698AF39A1BF79A4D00F1E745 /* Fetchable.swift */ = {isa = PBXFileReference; fileEncoding = 4; lastKnownFileType = sourcecode.swift; path = Fetchable.swift; sourceTree = "<group>"; };
/* End PBXFileReference section */

/* Begin PBXFrameworksBuildPhase section */
		482CABD519FF565200B5F1E2 /* Frameworks */ = {
			isa = PBXFrameworksBuildPhase;
			buildActionMask = 2147483647;
			files = (
				481022A71A06075900000AA5 /* MapKit.framework in Frameworks */,
				482CABDB19FF565300B5F1E2 /* NotificationCenter.framework in Frameworks */,
			);
			runOnlyForDeploymentPostprocessing = 0;
		};
		48DEDA2E19F592F80094CB8F /* Frameworks */ = {
			isa = PBXFrameworksBuildPhase;
			buildActionMask = 2147483647;
			files = (
				482CE19F19FD9F9A00682940 /* MapKit.framework in Frameworks */,
			);
			runOnlyForDeploymentPostprocessing = 0;
		};
/* End PBXFrameworksBuildPhase section */

/* Begin PBXGroup section */
		482CABD919FF565200B5F1E2 /* Frameworks */ = {
			isa = PBXGroup;
			children = (
				482CABDA19FF565200B5F1E2 /* NotificationCenter.framework */,
			);
			name = Frameworks;
			sourceTree = "<group>";
		};
		482CABDC19FF565300B5F1E2 /* Quick Location */ = {
			isa = PBXGroup;
			children = (
				4880D4801A5331DA0077E68B /* Quick Location.entitlements */,
				482CABDF19FF565300B5F1E2 /* TodayViewController.swift */,
				48D2258A1A02F908008A419B /* MainInterface.storyboard */,
				482CABDD19FF565300B5F1E2 /* Supporting Files */,
			);
			path = "Quick Location";
			sourceTree = "<group>";
		};
		482CABDD19FF565300B5F1E2 /* Supporting Files */ = {
			isa = PBXGroup;
			children = (
				482CABDE19FF565300B5F1E2 /* Info.plist */,
			);
			name = "Supporting Files";
			sourceTree = "<group>";
		};
		4849BD021B093A44003A40AF /* ViewControllers */ = {
			isa = PBXGroup;
			children = (
				48E3B85B1B1951AA003DD726 /* StyledViewController.swift */,
				48E3B85D1B195804003DD726 /* StyledNavigationController.swift */,
				48642D0E1BAE166F00935358 /* LocationsViewController.swift */,
				48642D131BAE27D300935358 /* LocationAccessViewController.xib */,
				48642D121BAE27D300935358 /* LocationAccessViewController.swift */,
				487A553E1BB4C61A00D0D320 /* NewLocationViewController.xib */,
				487A553D1BB4C61A00D0D320 /* NewLocationViewController.swift */,
				48D4FFE31BF7CB7A006DA09C /* ColorSelectionViewController.swift */,
				48D4FFE81BF7D2ED006DA09C /* LocationDetailViewController.swift */,
				48D4FFE91BF7D2ED006DA09C /* LocationDetailViewController.xib */,
			);
			name = ViewControllers;
			sourceTree = "<group>";
		};
		48CB17591AD1F2A000864CBF /* Cells */ = {
			isa = PBXGroup;
			children = (
				4863ACAD1B24EF4D009F008F /* LocationCell.xib */,
				4863ACAC1B24EF4D009F008F /* LocationCell.swift */,
				698AF3881BF69BD800F1E745 /* StyledCell.swift */,
				698AF38A1BF6D66D00F1E745 /* TextEntryCell.swift */,
				698AF38B1BF6D66D00F1E745 /* TextEntryCell.xib */,
				698AF3921BF7910100F1E745 /* ColorPreviewCell.swift */,
				698AF3931BF7910100F1E745 /* ColorPreviewCell.xib */,
			);
			name = Cells;
			sourceTree = "<group>";
		};
		48D4FFE71BF7D125006DA09C /* Layouts */ = {
			isa = PBXGroup;
			children = (
				48D4FFE51BF7D08F006DA09C /* DefaultLayout.swift */,
			);
			name = Layouts;
			sourceTree = "<group>";
		};
		48DEDA2819F592F80094CB8F = {
			isa = PBXGroup;
			children = (
				48DEDA3319F592F80094CB8F /* Whereabouts */,
				482CABDC19FF565300B5F1E2 /* Quick Location */,
				482CABD919FF565200B5F1E2 /* Frameworks */,
				48DEDA3219F592F80094CB8F /* Products */,
			);
			sourceTree = "<group>";
		};
		48DEDA3219F592F80094CB8F /* Products */ = {
			isa = PBXGroup;
			children = (
				48DEDA3119F592F80094CB8F /* Whereabouts.app */,
				482CABD819FF565200B5F1E2 /* Quick Location.appex */,
			);
			name = Products;
			sourceTree = "<group>";
		};
		48DEDA3319F592F80094CB8F /* Whereabouts */ = {
			isa = PBXGroup;
			children = (
				69CEA4A81BF63AC200F5022B /* Frameworks */,
				4849BD021B093A44003A40AF /* ViewControllers */,
				48CB17591AD1F2A000864CBF /* Cells */,
				48D4FFE71BF7D125006DA09C /* Layouts */,
				48FF04FC1AD036BC00A2FA34 /* Objects */,
				69CEA4AA1BF63B0F00F5022B /* CoreData */,
				48FF04FB1AD036A000A2FA34 /* Controllers */,
				48FF04FD1AD036C700A2FA34 /* Extensions */,
				48FF05011AD0372400A2FA34 /* Resources */,
				48DEDA3419F592F80094CB8F /* Supporting Files */,
			);
			path = Whereabouts;
			sourceTree = "<group>";
		};
		48DEDA3419F592F80094CB8F /* Supporting Files */ = {
			isa = PBXGroup;
			children = (
				48DEDA3519F592F80094CB8F /* Info.plist */,
			);
			name = "Supporting Files";
			sourceTree = "<group>";
		};
		48FF04FB1AD036A000A2FA34 /* Controllers */ = {
			isa = PBXGroup;
			children = (
				483AF54C1B0BFF2700A00BED /* PersistenceController.swift */,
				48E3B8551B193FA3003DD726 /* MenuController.swift */,
				48E3B85F1B195896003DD726 /* ColorController.swift */,
				48642D101BAE1E0400935358 /* LocationAssistant.swift */,
			);
			name = Controllers;
			sourceTree = "<group>";
		};
		48FF04FC1AD036BC00A2FA34 /* Objects */ = {
			isa = PBXGroup;
			children = (
				48DEDA3619F592F80094CB8F /* AppDelegate.swift */,
				48DEDA3F19F592F80094CB8F /* LaunchScreen.xib */,
				4880D47F1A5331960077E68B /* Whereabouts.entitlements */,
			);
			name = Objects;
			sourceTree = "<group>";
		};
		48FF04FD1AD036C700A2FA34 /* Extensions */ = {
			isa = PBXGroup;
			children = (
				48C7636319F59D230096B27A /* RHAUtilExtensions.swift */,
				4882D9D41B1A99FD00BAADAD /* RHACLStringExtensions.swift */,
				48510BEA1BF7F3D10041C7C1 /* String+Additions.swift */,
			);
			name = Extensions;
			sourceTree = "<group>";
		};
		48FF05011AD0372400A2FA34 /* Resources */ = {
			isa = PBXGroup;
			children = (
				48DEDA3D19F592F80094CB8F /* Images.xcassets */,
			);
			name = Resources;
			sourceTree = "<group>";
		};
		69CEA4A81BF63AC200F5022B /* Frameworks */ = {
			isa = PBXGroup;
			children = (
				482CE19E19FD9F9A00682940 /* MapKit.framework */,
			);
			name = Frameworks;
			path = ..;
			sourceTree = "<group>";
		};
		69CEA4AA1BF63B0F00F5022B /* CoreData */ = {
			isa = PBXGroup;
			children = (
				485E165319F9AC37002CCB48 /* DataModel.xcdatamodeld */,
				698AF3961BF79A3F00F1E745 /* Location+CoreDataProperties.swift */,
				698AF3971BF79A3F00F1E745 /* Location.swift */,
				698AF39A1BF79A4D00F1E745 /* Fetchable.swift */,
			);
			name = CoreData;
			sourceTree = "<group>";
		};
/* End PBXGroup section */

/* Begin PBXNativeTarget section */
		482CABD719FF565200B5F1E2 /* Quick Location */ = {
			isa = PBXNativeTarget;
			buildConfigurationList = 482CABE619FF565300B5F1E2 /* Build configuration list for PBXNativeTarget "Quick Location" */;
			buildPhases = (
				482CABD419FF565200B5F1E2 /* Sources */,
				482CABD519FF565200B5F1E2 /* Frameworks */,
				482CABD619FF565200B5F1E2 /* Resources */,
			);
			buildRules = (
			);
			dependencies = (
			);
			name = "Quick Location";
			productName = "Quick Location";
			productReference = 482CABD819FF565200B5F1E2 /* Quick Location.appex */;
			productType = "com.apple.product-type.app-extension";
		};
		48DEDA3019F592F80094CB8F /* Whereabouts */ = {
			isa = PBXNativeTarget;
			buildConfigurationList = 48DEDA5019F592F80094CB8F /* Build configuration list for PBXNativeTarget "Whereabouts" */;
			buildPhases = (
				48DEDA2D19F592F80094CB8F /* Sources */,
				48DEDA2E19F592F80094CB8F /* Frameworks */,
				48DEDA2F19F592F80094CB8F /* Resources */,
				482CABE919FF565300B5F1E2 /* Embed App Extensions */,
			);
			buildRules = (
			);
			dependencies = (
				482CABE419FF565300B5F1E2 /* PBXTargetDependency */,
			);
			name = Whereabouts;
			productName = Whereabouts;
			productReference = 48DEDA3119F592F80094CB8F /* Whereabouts.app */;
			productType = "com.apple.product-type.application";
		};
/* End PBXNativeTarget section */

/* Begin PBXProject section */
		48DEDA2919F592F80094CB8F /* Project object */ = {
			isa = PBXProject;
			attributes = {
				LastSwiftMigration = 0700;
				LastSwiftUpdateCheck = 0700;
				LastUpgradeCheck = 0700;
				ORGANIZATIONNAME = "Ryan Ackermann";
				TargetAttributes = {
					482CABD719FF565200B5F1E2 = {
						CreatedOnToolsVersion = 6.1;
						DevelopmentTeam = WK4Y48HVH2;
						SystemCapabilities = {
							com.apple.ApplicationGroups.iOS = {
								enabled = 1;
							};
							com.apple.Maps.iOS = {
								enabled = 1;
							};
						};
					};
					48DEDA3019F592F80094CB8F = {
						CreatedOnToolsVersion = 6.0.1;
						DevelopmentTeam = WK4Y48HVH2;
						SystemCapabilities = {
							com.apple.ApplicationGroups.iOS = {
								enabled = 1;
							};
						};
					};
				};
			};
			buildConfigurationList = 48DEDA2C19F592F80094CB8F /* Build configuration list for PBXProject "Whereabouts" */;
			compatibilityVersion = "Xcode 3.2";
			developmentRegion = English;
			hasScannedForEncodings = 0;
			knownRegions = (
				en,
				Base,
			);
			mainGroup = 48DEDA2819F592F80094CB8F;
			productRefGroup = 48DEDA3219F592F80094CB8F /* Products */;
			projectDirPath = "";
			projectRoot = "";
			targets = (
				48DEDA3019F592F80094CB8F /* Whereabouts */,
				482CABD719FF565200B5F1E2 /* Quick Location */,
			);
		};
/* End PBXProject section */

/* Begin PBXResourcesBuildPhase section */
		482CABD619FF565200B5F1E2 /* Resources */ = {
			isa = PBXResourcesBuildPhase;
			buildActionMask = 2147483647;
			files = (
				48D225881A02F908008A419B /* MainInterface.storyboard in Resources */,
			);
			runOnlyForDeploymentPostprocessing = 0;
		};
		48DEDA2F19F592F80094CB8F /* Resources */ = {
			isa = PBXResourcesBuildPhase;
			buildActionMask = 2147483647;
			files = (
				48D4FFEB1BF7D2ED006DA09C /* LocationDetailViewController.xib in Resources */,
				698AF3951BF7910100F1E745 /* ColorPreviewCell.xib in Resources */,
				487A55401BB4C61A00D0D320 /* NewLocationViewController.xib in Resources */,
				48DEDA4119F592F80094CB8F /* LaunchScreen.xib in Resources */,
				48DEDA3E19F592F80094CB8F /* Images.xcassets in Resources */,
				4863ACAF1B24EF4D009F008F /* LocationCell.xib in Resources */,
				698AF38D1BF6D66D00F1E745 /* TextEntryCell.xib in Resources */,
				48642D151BAE27D300935358 /* LocationAccessViewController.xib in Resources */,
			);
			runOnlyForDeploymentPostprocessing = 0;
		};
/* End PBXResourcesBuildPhase section */

/* Begin PBXSourcesBuildPhase section */
		482CABD419FF565200B5F1E2 /* Sources */ = {
			isa = PBXSourcesBuildPhase;
			buildActionMask = 2147483647;
			files = (
				482CABE019FF565300B5F1E2 /* TodayViewController.swift in Sources */,
			);
			runOnlyForDeploymentPostprocessing = 0;
		};
		48DEDA2D19F592F80094CB8F /* Sources */ = {
			isa = PBXSourcesBuildPhase;
			buildActionMask = 2147483647;
			files = (
				48D4FFEA1BF7D2ED006DA09C /* LocationDetailViewController.swift in Sources */,
				698AF39B1BF79A4D00F1E745 /* Fetchable.swift in Sources */,
				48510BEB1BF7F3D10041C7C1 /* String+Additions.swift in Sources */,
				487A553F1BB4C61A00D0D320 /* NewLocationViewController.swift in Sources */,
				48E3B8601B195896003DD726 /* ColorController.swift in Sources */,
				48D4FFE61BF7D08F006DA09C /* DefaultLayout.swift in Sources */,
				698AF3981BF79A3F00F1E745 /* Location+CoreDataProperties.swift in Sources */,
				698AF3941BF7910100F1E745 /* ColorPreviewCell.swift in Sources */,
				698AF38C1BF6D66D00F1E745 /* TextEntryCell.swift in Sources */,
				48E3B85C1B1951AA003DD726 /* StyledViewController.swift in Sources */,
				48642D0F1BAE166F00935358 /* LocationsViewController.swift in Sources */,
				4863ACAE1B24EF4D009F008F /* LocationCell.swift in Sources */,
				48E3B8561B193FA3003DD726 /* MenuController.swift in Sources */,
				4882D9D51B1A99FD00BAADAD /* RHACLStringExtensions.swift in Sources */,
				48D4FFE41BF7CB7A006DA09C /* ColorSelectionViewController.swift in Sources */,
				485E165519F9AC37002CCB48 /* DataModel.xcdatamodeld in Sources */,
				48C7636419F59D230096B27A /* RHAUtilExtensions.swift in Sources */,
				698AF3891BF69BD800F1E745 /* StyledCell.swift in Sources */,
				698AF3991BF79A3F00F1E745 /* Location.swift in Sources */,
				483AF54D1B0BFF2700A00BED /* PersistenceController.swift in Sources */,
				48E3B85E1B195804003DD726 /* StyledNavigationController.swift in Sources */,
				48DEDA3719F592F80094CB8F /* AppDelegate.swift in Sources */,
				48642D111BAE1E0400935358 /* LocationAssistant.swift in Sources */,
				48642D141BAE27D300935358 /* LocationAccessViewController.swift in Sources */,
			);
			runOnlyForDeploymentPostprocessing = 0;
		};
/* End PBXSourcesBuildPhase section */

/* Begin PBXTargetDependency section */
		482CABE419FF565300B5F1E2 /* PBXTargetDependency */ = {
			isa = PBXTargetDependency;
			target = 482CABD719FF565200B5F1E2 /* Quick Location */;
			targetProxy = 482CABE319FF565300B5F1E2 /* PBXContainerItemProxy */;
		};
/* End PBXTargetDependency section */

/* Begin PBXVariantGroup section */
		48D2258A1A02F908008A419B /* MainInterface.storyboard */ = {
			isa = PBXVariantGroup;
			children = (
				48D225891A02F908008A419B /* en */,
			);
			name = MainInterface.storyboard;
			sourceTree = "<group>";
		};
		48DEDA3F19F592F80094CB8F /* LaunchScreen.xib */ = {
			isa = PBXVariantGroup;
			children = (
				48DEDA4019F592F80094CB8F /* Base */,
			);
			name = LaunchScreen.xib;
			sourceTree = "<group>";
		};
/* End PBXVariantGroup section */

/* Begin XCBuildConfiguration section */
		482CABE719FF565300B5F1E2 /* Debug */ = {
			isa = XCBuildConfiguration;
			buildSettings = {
				CODE_SIGN_ENTITLEMENTS = "Quick Location/Quick Location.entitlements";
				CODE_SIGN_IDENTITY = "iPhone Developer";
				"CODE_SIGN_IDENTITY[sdk=iphoneos*]" = "iPhone Developer";
				GCC_PREPROCESSOR_DEFINITIONS = (
					"DEBUG=1",
					"$(inherited)",
				);
				INFOPLIST_FILE = "Quick Location/Info.plist";
				IPHONEOS_DEPLOYMENT_TARGET = 8.0;
				LD_RUNPATH_SEARCH_PATHS = "$(inherited) @executable_path/Frameworks @executable_path/../../Frameworks";
				PRODUCT_BUNDLE_IDENTIFIER = "net.naturaln0va.Whereabouts.$(PRODUCT_NAME:rfc1034identifier)";
				PRODUCT_NAME = "$(TARGET_NAME)";
				PROVISIONING_PROFILE = "";
				SKIP_INSTALL = YES;
			};
			name = Debug;
		};
		482CABE819FF565300B5F1E2 /* Release */ = {
			isa = XCBuildConfiguration;
			buildSettings = {
				CODE_SIGN_ENTITLEMENTS = "Quick Location/Quick Location.entitlements";
				CODE_SIGN_IDENTITY = "iPhone Developer";
				"CODE_SIGN_IDENTITY[sdk=iphoneos*]" = "iPhone Developer";
				INFOPLIST_FILE = "Quick Location/Info.plist";
				IPHONEOS_DEPLOYMENT_TARGET = 8.0;
				LD_RUNPATH_SEARCH_PATHS = "$(inherited) @executable_path/Frameworks @executable_path/../../Frameworks";
				PRODUCT_BUNDLE_IDENTIFIER = "net.naturaln0va.Whereabouts.$(PRODUCT_NAME:rfc1034identifier)";
				PRODUCT_NAME = "$(TARGET_NAME)";
				PROVISIONING_PROFILE = "";
				SKIP_INSTALL = YES;
			};
			name = Release;
		};
		483648F11A71B16C0076756B /* Distribution */ = {
			isa = XCBuildConfiguration;
			buildSettings = {
				ALWAYS_SEARCH_USER_PATHS = NO;
				CLANG_CXX_LANGUAGE_STANDARD = "gnu++0x";
				CLANG_CXX_LIBRARY = "libc++";
				CLANG_ENABLE_MODULES = YES;
				CLANG_ENABLE_OBJC_ARC = YES;
				CLANG_WARN_BOOL_CONVERSION = YES;
				CLANG_WARN_CONSTANT_CONVERSION = YES;
				CLANG_WARN_DIRECT_OBJC_ISA_USAGE = YES_ERROR;
				CLANG_WARN_EMPTY_BODY = YES;
				CLANG_WARN_ENUM_CONVERSION = YES;
				CLANG_WARN_INT_CONVERSION = YES;
				CLANG_WARN_OBJC_ROOT_CLASS = YES_ERROR;
				CLANG_WARN_UNREACHABLE_CODE = YES;
				CLANG_WARN__DUPLICATE_METHOD_MATCH = YES;
				CODE_SIGN_IDENTITY = "iPhone Distribution: Ryan Ackermann (WK4Y48HVH2)";
				"CODE_SIGN_IDENTITY[sdk=iphoneos*]" = "iPhone Distribution: Ryan Ackermann (WK4Y48HVH2)";
				COPY_PHASE_STRIP = YES;
				ENABLE_NS_ASSERTIONS = NO;
				ENABLE_STRICT_OBJC_MSGSEND = YES;
				GCC_C_LANGUAGE_STANDARD = gnu99;
				GCC_WARN_64_TO_32_BIT_CONVERSION = YES;
				GCC_WARN_ABOUT_RETURN_TYPE = YES_ERROR;
				GCC_WARN_UNDECLARED_SELECTOR = YES;
				GCC_WARN_UNINITIALIZED_AUTOS = YES_AGGRESSIVE;
				GCC_WARN_UNUSED_FUNCTION = YES;
				GCC_WARN_UNUSED_VARIABLE = YES;
				IPHONEOS_DEPLOYMENT_TARGET = 7.0;
				MTL_ENABLE_DEBUG_INFO = NO;
				PROVISIONING_PROFILE = "c1742340-c761-4842-ac6f-9c22d3f95884";
				SDKROOT = iphoneos;
				VALIDATE_PRODUCT = YES;
			};
			name = Distribution;
		};
		483648F21A71B16C0076756B /* Distribution */ = {
			isa = XCBuildConfiguration;
			buildSettings = {
				ASSETCATALOG_COMPILER_APPICON_NAME = AppIcon;
				CODE_SIGN_ENTITLEMENTS = Whereabouts/Whereabouts.entitlements;
				CODE_SIGN_IDENTITY = "iPhone Developer";
				"CODE_SIGN_IDENTITY[sdk=iphoneos*]" = "iPhone Developer";
				COPY_PHASE_STRIP = NO;
				EMBEDDED_CONTENT_CONTAINS_SWIFT = YES;
				INFOPLIST_FILE = Whereabouts/Info.plist;
				IPHONEOS_DEPLOYMENT_TARGET = 8.2;
				LD_RUNPATH_SEARCH_PATHS = "$(inherited) @executable_path/Frameworks";
				PRODUCT_BUNDLE_IDENTIFIER = "net.naturaln0va.$(PRODUCT_NAME:rfc1034identifier)";
				PRODUCT_NAME = "$(TARGET_NAME)";
				PROVISIONING_PROFILE = "";
			};
			name = Distribution;
		};
		483648F31A71B16C0076756B /* Distribution */ = {
			isa = XCBuildConfiguration;
			buildSettings = {
				CODE_SIGN_ENTITLEMENTS = "Quick Location/Quick Location.entitlements";
				CODE_SIGN_IDENTITY = "iPhone Developer";
				"CODE_SIGN_IDENTITY[sdk=iphoneos*]" = "iPhone Developer";
				INFOPLIST_FILE = "Quick Location/Info.plist";
				IPHONEOS_DEPLOYMENT_TARGET = 8.0;
				LD_RUNPATH_SEARCH_PATHS = "$(inherited) @executable_path/Frameworks @executable_path/../../Frameworks";
				PRODUCT_BUNDLE_IDENTIFIER = "net.naturaln0va.Whereabouts.$(PRODUCT_NAME:rfc1034identifier)";
				PRODUCT_NAME = "$(TARGET_NAME)";
				PROVISIONING_PROFILE = "";
				SKIP_INSTALL = YES;
			};
			name = Distribution;
		};
		48DEDA4E19F592F80094CB8F /* Debug */ = {
			isa = XCBuildConfiguration;
			buildSettings = {
				ALWAYS_SEARCH_USER_PATHS = NO;
				CLANG_CXX_LANGUAGE_STANDARD = "gnu++0x";
				CLANG_CXX_LIBRARY = "libc++";
				CLANG_ENABLE_MODULES = YES;
				CLANG_ENABLE_OBJC_ARC = YES;
				CLANG_WARN_BOOL_CONVERSION = YES;
				CLANG_WARN_CONSTANT_CONVERSION = YES;
				CLANG_WARN_DIRECT_OBJC_ISA_USAGE = YES_ERROR;
				CLANG_WARN_EMPTY_BODY = YES;
				CLANG_WARN_ENUM_CONVERSION = YES;
				CLANG_WARN_INT_CONVERSION = YES;
				CLANG_WARN_OBJC_ROOT_CLASS = YES_ERROR;
				CLANG_WARN_UNREACHABLE_CODE = YES;
				CLANG_WARN__DUPLICATE_METHOD_MATCH = YES;
				CODE_SIGN_IDENTITY = "iPhone Developer";
				"CODE_SIGN_IDENTITY[sdk=iphoneos*]" = "iPhone Developer";
				COPY_PHASE_STRIP = NO;
				ENABLE_STRICT_OBJC_MSGSEND = YES;
				ENABLE_TESTABILITY = YES;
				GCC_C_LANGUAGE_STANDARD = gnu99;
				GCC_DYNAMIC_NO_PIC = NO;
				GCC_OPTIMIZATION_LEVEL = 0;
				GCC_PREPROCESSOR_DEFINITIONS = (
					"DEBUG=1",
					"$(inherited)",
				);
				GCC_SYMBOLS_PRIVATE_EXTERN = NO;
				GCC_WARN_64_TO_32_BIT_CONVERSION = YES;
				GCC_WARN_ABOUT_RETURN_TYPE = YES_ERROR;
				GCC_WARN_UNDECLARED_SELECTOR = YES;
				GCC_WARN_UNINITIALIZED_AUTOS = YES_AGGRESSIVE;
				GCC_WARN_UNUSED_FUNCTION = YES;
				GCC_WARN_UNUSED_VARIABLE = YES;
				IPHONEOS_DEPLOYMENT_TARGET = 7.0;
				MTL_ENABLE_DEBUG_INFO = YES;
				ONLY_ACTIVE_ARCH = YES;
				PROVISIONING_PROFILE = "c1742340-c761-4842-ac6f-9c22d3f95884";
				SDKROOT = iphoneos;
				SWIFT_OPTIMIZATION_LEVEL = "-Onone";
			};
			name = Debug;
		};
		48DEDA4F19F592F80094CB8F /* Release */ = {
			isa = XCBuildConfiguration;
			buildSettings = {
				ALWAYS_SEARCH_USER_PATHS = NO;
				CLANG_CXX_LANGUAGE_STANDARD = "gnu++0x";
				CLANG_CXX_LIBRARY = "libc++";
				CLANG_ENABLE_MODULES = YES;
				CLANG_ENABLE_OBJC_ARC = YES;
				CLANG_WARN_BOOL_CONVERSION = YES;
				CLANG_WARN_CONSTANT_CONVERSION = YES;
				CLANG_WARN_DIRECT_OBJC_ISA_USAGE = YES_ERROR;
				CLANG_WARN_EMPTY_BODY = YES;
				CLANG_WARN_ENUM_CONVERSION = YES;
				CLANG_WARN_INT_CONVERSION = YES;
				CLANG_WARN_OBJC_ROOT_CLASS = YES_ERROR;
				CLANG_WARN_UNREACHABLE_CODE = YES;
				CLANG_WARN__DUPLICATE_METHOD_MATCH = YES;
				CODE_SIGN_IDENTITY = "iPhone Distribution: Ryan Ackermann (WK4Y48HVH2)";
				"CODE_SIGN_IDENTITY[sdk=iphoneos*]" = "iPhone Distribution: Ryan Ackermann (WK4Y48HVH2)";
				COPY_PHASE_STRIP = YES;
				ENABLE_NS_ASSERTIONS = NO;
				ENABLE_STRICT_OBJC_MSGSEND = YES;
				GCC_C_LANGUAGE_STANDARD = gnu99;
				GCC_WARN_64_TO_32_BIT_CONVERSION = YES;
				GCC_WARN_ABOUT_RETURN_TYPE = YES_ERROR;
				GCC_WARN_UNDECLARED_SELECTOR = YES;
				GCC_WARN_UNINITIALIZED_AUTOS = YES_AGGRESSIVE;
				GCC_WARN_UNUSED_FUNCTION = YES;
				GCC_WARN_UNUSED_VARIABLE = YES;
				IPHONEOS_DEPLOYMENT_TARGET = 7.0;
				MTL_ENABLE_DEBUG_INFO = NO;
				PROVISIONING_PROFILE = "c1742340-c761-4842-ac6f-9c22d3f95884";
				SDKROOT = iphoneos;
				VALIDATE_PRODUCT = YES;
			};
			name = Release;
		};
		48DEDA5119F592F80094CB8F /* Debug */ = {
			isa = XCBuildConfiguration;
			buildSettings = {
				ASSETCATALOG_COMPILER_APPICON_NAME = AppIcon;
				CODE_SIGN_ENTITLEMENTS = Whereabouts/Whereabouts.entitlements;
				CODE_SIGN_IDENTITY = "iPhone Developer";
				"CODE_SIGN_IDENTITY[sdk=iphoneos*]" = "iPhone Developer";
				EMBEDDED_CONTENT_CONTAINS_SWIFT = YES;
				INFOPLIST_FILE = Whereabouts/Info.plist;
				IPHONEOS_DEPLOYMENT_TARGET = 8.2;
				LD_RUNPATH_SEARCH_PATHS = "$(inherited) @executable_path/Frameworks";
				PRODUCT_BUNDLE_IDENTIFIER = "net.naturaln0va.$(PRODUCT_NAME:rfc1034identifier)";
				PRODUCT_NAME = "$(TARGET_NAME)";
				PROVISIONING_PROFILE = "";
			};
			name = Debug;
		};
		48DEDA5219F592F80094CB8F /* Release */ = {
			isa = XCBuildConfiguration;
			buildSettings = {
				ASSETCATALOG_COMPILER_APPICON_NAME = AppIcon;
				CODE_SIGN_ENTITLEMENTS = Whereabouts/Whereabouts.entitlements;
				CODE_SIGN_IDENTITY = "iPhone Developer";
				"CODE_SIGN_IDENTITY[sdk=iphoneos*]" = "iPhone Developer";
				COPY_PHASE_STRIP = NO;
				EMBEDDED_CONTENT_CONTAINS_SWIFT = YES;
				INFOPLIST_FILE = Whereabouts/Info.plist;
				IPHONEOS_DEPLOYMENT_TARGET = 8.2;
				LD_RUNPATH_SEARCH_PATHS = "$(inherited) @executable_path/Frameworks";
				PRODUCT_BUNDLE_IDENTIFIER = "net.naturaln0va.$(PRODUCT_NAME:rfc1034identifier)";
				PRODUCT_NAME = "$(TARGET_NAME)";
				PROVISIONING_PROFILE = "";
			};
			name = Release;
		};
/* End XCBuildConfiguration section */

/* Begin XCConfigurationList section */
		482CABE619FF565300B5F1E2 /* Build configuration list for PBXNativeTarget "Quick Location" */ = {
			isa = XCConfigurationList;
			buildConfigurations = (
				482CABE719FF565300B5F1E2 /* Debug */,
				482CABE819FF565300B5F1E2 /* Release */,
				483648F31A71B16C0076756B /* Distribution */,
			);
			defaultConfigurationIsVisible = 0;
			defaultConfigurationName = Distribution;
		};
		48DEDA2C19F592F80094CB8F /* Build configuration list for PBXProject "Whereabouts" */ = {
			isa = XCConfigurationList;
			buildConfigurations = (
				48DEDA4E19F592F80094CB8F /* Debug */,
				48DEDA4F19F592F80094CB8F /* Release */,
				483648F11A71B16C0076756B /* Distribution */,
			);
			defaultConfigurationIsVisible = 0;
			defaultConfigurationName = Distribution;
		};
		48DEDA5019F592F80094CB8F /* Build configuration list for PBXNativeTarget "Whereabouts" */ = {
			isa = XCConfigurationList;
			buildConfigurations = (
				48DEDA5119F592F80094CB8F /* Debug */,
				48DEDA5219F592F80094CB8F /* Release */,
				483648F21A71B16C0076756B /* Distribution */,
			);
			defaultConfigurationIsVisible = 0;
			defaultConfigurationName = Distribution;
		};
/* End XCConfigurationList section */

/* Begin XCVersionGroup section */
		485E165319F9AC37002CCB48 /* DataModel.xcdatamodeld */ = {
			isa = XCVersionGroup;
			children = (
				48673A051BB059AA00BC0CD7 /* DataModel2.xcdatamodel */,
				485E165419F9AC37002CCB48 /* DataModel.xcdatamodel */,
			);
			currentVersion = 48673A051BB059AA00BC0CD7 /* DataModel2.xcdatamodel */;
			path = DataModel.xcdatamodeld;
			sourceTree = "<group>";
			versionGroupType = wrapper.xcdatamodel;
		};
/* End XCVersionGroup section */
	};
	rootObject = 48DEDA2919F592F80094CB8F /* Project object */;
}
